// !$*UTF8*$!
{
	archiveVersion = 1;
	classes = {
	};
	objectVersion = 46;
	objects = {

/* Begin PBXBuildFile section */
		16F69EE6202EFB3200A8D491 /* Main.storyboard in Resources */ = {isa = PBXBuildFile; fileRef = 16F69EDB202EFB3200A8D491 /* Main.storyboard */; };
		16F69EE7202EFB3200A8D491 /* LaunchScreen.storyboard in Resources */ = {isa = PBXBuildFile; fileRef = 16F69EDC202EFB3200A8D491 /* LaunchScreen.storyboard */; };
		16F69EE8202EFB3200A8D491 /* Assets.xcassets in Resources */ = {isa = PBXBuildFile; fileRef = 16F69EDD202EFB3200A8D491 /* Assets.xcassets */; };
		16F69EE9202EFB3200A8D491 /* Info.plist in Resources */ = {isa = PBXBuildFile; fileRef = 16F69EDE202EFB3200A8D491 /* Info.plist */; };
		16F69EEA202EFB3200A8D491 /* ClassTableViewController.swift in Sources */ = {isa = PBXBuildFile; fileRef = 16F69EDF202EFB3200A8D491 /* ClassTableViewController.swift */; };
		16F69EEB202EFB3200A8D491 /* ClassViewController.swift in Sources */ = {isa = PBXBuildFile; fileRef = 16F69EE0202EFB3200A8D491 /* ClassViewController.swift */; };
		16F69EEC202EFB3200A8D491 /* Class.swift in Sources */ = {isa = PBXBuildFile; fileRef = 16F69EE1202EFB3200A8D491 /* Class.swift */; };
		16F69EED202EFB3200A8D491 /* ClassCell.swift in Sources */ = {isa = PBXBuildFile; fileRef = 16F69EE2202EFB3200A8D491 /* ClassCell.swift */; };
		16F69EEE202EFB3200A8D491 /* ClassTableViewCell.swift in Sources */ = {isa = PBXBuildFile; fileRef = 16F69EE3202EFB3200A8D491 /* ClassTableViewCell.swift */; };
		16F69EEF202EFB3200A8D491 /* AppDelegate.swift in Sources */ = {isa = PBXBuildFile; fileRef = 16F69EE4202EFB3200A8D491 /* AppDelegate.swift */; };
		16F69EF22031E74A00A8D491 /* PerferencesViewController.swift in Sources */ = {isa = PBXBuildFile; fileRef = 16F69EF12031E74A00A8D491 /* PerferencesViewController.swift */; };
/* End PBXBuildFile section */

/* Begin PBXFileReference section */
		1690F44B1FA5CD100044C8A4 /* Stundenplan.app */ = {isa = PBXFileReference; explicitFileType = wrapper.application; includeInIndex = 0; path = Stundenplan.app; sourceTree = BUILT_PRODUCTS_DIR; };
		16F69EDB202EFB3200A8D491 /* Main.storyboard */ = {isa = PBXFileReference; fileEncoding = 4; lastKnownFileType = file.storyboard; path = Main.storyboard; sourceTree = "<group>"; };
		16F69EDC202EFB3200A8D491 /* LaunchScreen.storyboard */ = {isa = PBXFileReference; fileEncoding = 4; lastKnownFileType = file.storyboard; path = LaunchScreen.storyboard; sourceTree = "<group>"; };
		16F69EDD202EFB3200A8D491 /* Assets.xcassets */ = {isa = PBXFileReference; lastKnownFileType = folder.assetcatalog; path = Assets.xcassets; sourceTree = "<group>"; };
		16F69EDE202EFB3200A8D491 /* Info.plist */ = {isa = PBXFileReference; fileEncoding = 4; lastKnownFileType = text.plist.xml; path = Info.plist; sourceTree = "<group>"; };
		16F69EDF202EFB3200A8D491 /* ClassTableViewController.swift */ = {isa = PBXFileReference; fileEncoding = 4; lastKnownFileType = sourcecode.swift; path = ClassTableViewController.swift; sourceTree = "<group>"; };
		16F69EE0202EFB3200A8D491 /* ClassViewController.swift */ = {isa = PBXFileReference; fileEncoding = 4; lastKnownFileType = sourcecode.swift; path = ClassViewController.swift; sourceTree = "<group>"; };
		16F69EE1202EFB3200A8D491 /* Class.swift */ = {isa = PBXFileReference; fileEncoding = 4; lastKnownFileType = sourcecode.swift; path = Class.swift; sourceTree = "<group>"; };
		16F69EE2202EFB3200A8D491 /* ClassCell.swift */ = {isa = PBXFileReference; fileEncoding = 4; lastKnownFileType = sourcecode.swift; path = ClassCell.swift; sourceTree = "<group>"; };
		16F69EE3202EFB3200A8D491 /* ClassTableViewCell.swift */ = {isa = PBXFileReference; fileEncoding = 4; lastKnownFileType = sourcecode.swift; path = ClassTableViewCell.swift; sourceTree = "<group>"; };
		16F69EE4202EFB3200A8D491 /* AppDelegate.swift */ = {isa = PBXFileReference; fileEncoding = 4; lastKnownFileType = sourcecode.swift; path = AppDelegate.swift; sourceTree = "<group>"; };
		16F69EF12031E74A00A8D491 /* PerferencesViewController.swift */ = {isa = PBXFileReference; fileEncoding = 4; lastKnownFileType = sourcecode.swift; name = PerferencesViewController.swift; path = ../PerferencesViewController.swift; sourceTree = "<group>"; };
/* End PBXFileReference section */

/* Begin PBXFrameworksBuildPhase section */
		1690F4481FA5CD100044C8A4 /* Frameworks */ = {
			isa = PBXFrameworksBuildPhase;
			buildActionMask = 2147483647;
			files = (
			);
			runOnlyForDeploymentPostprocessing = 0;
		};
/* End PBXFrameworksBuildPhase section */

/* Begin PBXGroup section */
		1690F4421FA5CD100044C8A4 = {
			isa = PBXGroup;
			children = (
				16F69EE5202EFB3200A8D491 /* Stundenplan */,
				1690F44C1FA5CD100044C8A4 /* Products */,
			);
			sourceTree = "<group>";
		};
		1690F44C1FA5CD100044C8A4 /* Products */ = {
			isa = PBXGroup;
			children = (
				1690F44B1FA5CD100044C8A4 /* Stundenplan.app */,
			);
			name = Products;
			sourceTree = "<group>";
		};
		16F69EE5202EFB3200A8D491 /* Stundenplan */ = {
			isa = PBXGroup;
			children = (
				16F69EDB202EFB3200A8D491 /* Main.storyboard */,
				16F69EDC202EFB3200A8D491 /* LaunchScreen.storyboard */,
				16F69EDD202EFB3200A8D491 /* Assets.xcassets */,
				16F69EE4202EFB3200A8D491 /* AppDelegate.swift */,
				16F69EE1202EFB3200A8D491 /* Class.swift */,
				16F69EE2202EFB3200A8D491 /* ClassCell.swift */,
				16F69EE3202EFB3200A8D491 /* ClassTableViewCell.swift */,
				16F69EDE202EFB3200A8D491 /* Info.plist */,
				16F69EDF202EFB3200A8D491 /* ClassTableViewController.swift */,
				16F69EE0202EFB3200A8D491 /* ClassViewController.swift */,
				16F69EF12031E74A00A8D491 /* PerferencesViewController.swift */,
			);
			name = Stundenplan;
			path = Stundenplan.xcodeproj;
			sourceTree = "<group>";
		};
/* End PBXGroup section */

/* Begin PBXNativeTarget section */
		1690F44A1FA5CD100044C8A4 /* Stundenplan */ = {
			isa = PBXNativeTarget;
			buildConfigurationList = 1690F45D1FA5CD100044C8A4 /* Build configuration list for PBXNativeTarget "Stundenplan" */;
			buildPhases = (
				1690F4471FA5CD100044C8A4 /* Sources */,
				1690F4481FA5CD100044C8A4 /* Frameworks */,
				1690F4491FA5CD100044C8A4 /* Resources */,
			);
			buildRules = (
			);
			dependencies = (
			);
			name = Stundenplan;
			productName = Stundenplan;
			productReference = 1690F44B1FA5CD100044C8A4 /* Stundenplan.app */;
			productType = "com.apple.product-type.application";
		};
/* End PBXNativeTarget section */

/* Begin PBXProject section */
		1690F4431FA5CD100044C8A4 /* Project object */ = {
			isa = PBXProject;
			attributes = {
				LastSwiftUpdateCheck = 0830;
				LastUpgradeCheck = 0830;
				ORGANIZATIONNAME = "Cheio Wright";
				TargetAttributes = {
					1690F44A1FA5CD100044C8A4 = {
						CreatedOnToolsVersion = 8.3.3;
						DevelopmentTeam = 8666JK4B43;
						ProvisioningStyle = Automatic;
					};
				};
			};
			buildConfigurationList = 1690F4461FA5CD100044C8A4 /* Build configuration list for PBXProject "Stundenplan" */;
			compatibilityVersion = "Xcode 3.2";
			developmentRegion = English;
			hasScannedForEncodings = 0;
			knownRegions = (
				en,
				Base,
			);
			mainGroup = 1690F4421FA5CD100044C8A4;
			productRefGroup = 1690F44C1FA5CD100044C8A4 /* Products */;
			projectDirPath = "";
			projectRoot = "";
			targets = (
				1690F44A1FA5CD100044C8A4 /* Stundenplan */,
			);
		};
/* End PBXProject section */

/* Begin PBXResourcesBuildPhase section */
		1690F4491FA5CD100044C8A4 /* Resources */ = {
			isa = PBXResourcesBuildPhase;
			buildActionMask = 2147483647;
			files = (
				16F69EE9202EFB3200A8D491 /* Info.plist in Resources */,
				16F69EE6202EFB3200A8D491 /* Main.storyboard in Resources */,
				16F69EE8202EFB3200A8D491 /* Assets.xcassets in Resources */,
				16F69EE7202EFB3200A8D491 /* LaunchScreen.storyboard in Resources */,
			);
			runOnlyForDeploymentPostprocessing = 0;
		};
/* End PBXResourcesBuildPhase section */

/* Begin PBXSourcesBuildPhase section */
		1690F4471FA5CD100044C8A4 /* Sources */ = {
			isa = PBXSourcesBuildPhase;
			buildActionMask = 2147483647;
			files = (
				16F69EEF202EFB3200A8D491 /* AppDelegate.swift in Sources */,
				16F69EF22031E74A00A8D491 /* PerferencesViewController.swift in Sources */,
				16F69EED202EFB3200A8D491 /* ClassCell.swift in Sources */,
				16F69EEC202EFB3200A8D491 /* Class.swift in Sources */,
				16F69EEA202EFB3200A8D491 /* ClassTableViewController.swift in Sources */,
				16F69EEE202EFB3200A8D491 /* ClassTableViewCell.swift in Sources */,
				16F69EEB202EFB3200A8D491 /* ClassViewController.swift in Sources */,
			);
			runOnlyForDeploymentPostprocessing = 0;
		};
/* End PBXSourcesBuildPhase section */

/* Begin XCBuildConfiguration section */
		1690F45B1FA5CD100044C8A4 /* Debug */ = {
			isa = XCBuildConfiguration;
			buildSettings = {
				ALWAYS_SEARCH_USER_PATHS = NO;
				CLANG_ANALYZER_NONNULL = YES;
				CLANG_ANALYZER_NUMBER_OBJECT_CONVERSION = YES_AGGRESSIVE;
				CLANG_CXX_LANGUAGE_STANDARD = "gnu++0x";
				CLANG_CXX_LIBRARY = "libc++";
				CLANG_ENABLE_MODULES = YES;
				CLANG_ENABLE_OBJC_ARC = YES;
				CLANG_WARN_BOOL_CONVERSION = YES;
				CLANG_WARN_CONSTANT_CONVERSION = YES;
				CLANG_WARN_DIRECT_OBJC_ISA_USAGE = YES_ERROR;
				CLANG_WARN_DOCUMENTATION_COMMENTS = YES;
				CLANG_WARN_EMPTY_BODY = YES;
				CLANG_WARN_ENUM_CONVERSION = YES;
				CLANG_WARN_INFINITE_RECURSION = YES;
				CLANG_WARN_INT_CONVERSION = YES;
				CLANG_WARN_OBJC_ROOT_CLASS = YES_ERROR;
				CLANG_WARN_SUSPICIOUS_MOVE = YES;
				CLANG_WARN_UNREACHABLE_CODE = YES;
				CLANG_WARN__DUPLICATE_METHOD_MATCH = YES;
				"CODE_SIGN_IDENTITY[sdk=iphoneos*]" = "iPhone Developer";
				COPY_PHASE_STRIP = NO;
				DEBUG_INFORMATION_FORMAT = dwarf;
				ENABLE_STRICT_OBJC_MSGSEND = YES;
				ENABLE_TESTABILITY = YES;
				GCC_C_LANGUAGE_STANDARD = gnu99;
				GCC_DYNAMIC_NO_PIC = NO;
				GCC_NO_COMMON_BLOCKS = YES;
				GCC_OPTIMIZATION_LEVEL = 0;
				GCC_PREPROCESSOR_DEFINITIONS = (
					"DEBUG=1",
					"$(inherited)",
				);
				GCC_WARN_64_TO_32_BIT_CONVERSION = YES;
				GCC_WARN_ABOUT_RETURN_TYPE = YES_ERROR;
				GCC_WARN_UNDECLARED_SELECTOR = YES;
				GCC_WARN_UNINITIALIZED_AUTOS = YES_AGGRESSIVE;
				GCC_WARN_UNUSED_FUNCTION = YES;
				GCC_WARN_UNUSED_VARIABLE = YES;
				IPHONEOS_DEPLOYMENT_TARGET = 10.3;
				MTL_ENABLE_DEBUG_INFO = YES;
				ONLY_ACTIVE_ARCH = YES;
				SDKROOT = iphoneos;
				SWIFT_ACTIVE_COMPILATION_CONDITIONS = DEBUG;
				SWIFT_OPTIMIZATION_LEVEL = "-Onone";
				TARGETED_DEVICE_FAMILY = "1,2";
			};
			name = Debug;
		};
		1690F45C1FA5CD100044C8A4 /* Release */ = {
			isa = XCBuildConfiguration;
			buildSettings = {
				ALWAYS_SEARCH_USER_PATHS = NO;
				CLANG_ANALYZER_NONNULL = YES;
				CLANG_ANALYZER_NUMBER_OBJECT_CONVERSION = YES_AGGRESSIVE;
				CLANG_CXX_LANGUAGE_STANDARD = "gnu++0x";
				CLANG_CXX_LIBRARY = "libc++";
				CLANG_ENABLE_MODULES = YES;
				CLANG_ENABLE_OBJC_ARC = YES;
				CLANG_WARN_BOOL_CONVERSION = YES;
				CLANG_WARN_CONSTANT_CONVERSION = YES;
				CLANG_WARN_DIRECT_OBJC_ISA_USAGE = YES_ERROR;
				CLANG_WARN_DOCUMENTATION_COMMENTS = YES;
				CLANG_WARN_EMPTY_BODY = YES;
				CLANG_WARN_ENUM_CONVERSION = YES;
				CLANG_WARN_INFINITE_RECURSION = YES;
				CLANG_WARN_INT_CONVERSION = YES;
				CLANG_WARN_OBJC_ROOT_CLASS = YES_ERROR;
				CLANG_WARN_SUSPICIOUS_MOVE = YES;
				CLANG_WARN_UNREACHABLE_CODE = YES;
				CLANG_WARN__DUPLICATE_METHOD_MATCH = YES;
				"CODE_SIGN_IDENTITY[sdk=iphoneos*]" = "iPhone Developer";
				COPY_PHASE_STRIP = NO;
				DEBUG_INFORMATION_FORMAT = "dwarf-with-dsym";
				ENABLE_NS_ASSERTIONS = NO;
				ENABLE_STRICT_OBJC_MSGSEND = YES;
				GCC_C_LANGUAGE_STANDARD = gnu99;
				GCC_NO_COMMON_BLOCKS = YES;
				GCC_WARN_64_TO_32_BIT_CONVERSION = YES;
				GCC_WARN_ABOUT_RETURN_TYPE = YES_ERROR;
				GCC_WARN_UNDECLARED_SELECTOR = YES;
				GCC_WARN_UNINITIALIZED_AUTOS = YES_AGGRESSIVE;
				GCC_WARN_UNUSED_FUNCTION = YES;
				GCC_WARN_UNUSED_VARIABLE = YES;
				IPHONEOS_DEPLOYMENT_TARGET = 10.3;
				MTL_ENABLE_DEBUG_INFO = NO;
				SDKROOT = iphoneos;
				SWIFT_OPTIMIZATION_LEVEL = "-Owholemodule";
				TARGETED_DEVICE_FAMILY = "1,2";
				VALIDATE_PRODUCT = YES;
			};
			name = Release;
		};
		1690F45E1FA5CD100044C8A4 /* Debug */ = {
			isa = XCBuildConfiguration;
			buildSettings = {
				ASSETCATALOG_COMPILER_APPICON_NAME = "AppIcon-3";
				ASSETCATALOG_COMPILER_LAUNCHIMAGE_NAME = LaunchImage;
				DEVELOPMENT_TEAM = 8666JK4B43;
				INFOPLIST_FILE = Stundenplan/Info.plist;
				IPHONEOS_DEPLOYMENT_TARGET = 10.3;
				LD_RUNPATH_SEARCH_PATHS = "$(inherited) @executable_path/Frameworks";
				PRODUCT_BUNDLE_IDENTIFIER = com.cheio.Stundenplan;
				PRODUCT_NAME = "$(TARGET_NAME)";
				SWIFT_VERSION = 3.0;
			};
			name = Debug;
		};
		1690F45F1FA5CD100044C8A4 /* Release */ = {
			isa = XCBuildConfiguration;
			buildSettings = {
				ASSETCATALOG_COMPILER_APPICON_NAME = "AppIcon-3";
				ASSETCATALOG_COMPILER_LAUNCHIMAGE_NAME = LaunchImage;
				DEVELOPMENT_TEAM = 8666JK4B43;
				INFOPLIST_FILE = Stundenplan/Info.plist;
				IPHONEOS_DEPLOYMENT_TARGET = 10.3;
				LD_RUNPATH_SEARCH_PATHS = "$(inherited) @executable_path/Frameworks";
				PRODUCT_BUNDLE_IDENTIFIER = com.cheio.Stundenplan;
				PRODUCT_NAME = "$(TARGET_NAME)";
				SWIFT_VERSION = 3.0;
			};
			name = Release;
		};
/* End XCBuildConfiguration section */

/* Begin XCConfigurationList section */
		1690F4461FA5CD100044C8A4 /* Build configuration list for PBXProject "Stundenplan" */ = {
			isa = XCConfigurationList;
			buildConfigurations = (
				1690F45B1FA5CD100044C8A4 /* Debug */,
				1690F45C1FA5CD100044C8A4 /* Release */,
			);
			defaultConfigurationIsVisible = 0;
			defaultConfigurationName = Release;
		};
		1690F45D1FA5CD100044C8A4 /* Build configuration list for PBXNativeTarget "Stundenplan" */ = {
			isa = XCConfigurationList;
			buildConfigurations = (
				1690F45E1FA5CD100044C8A4 /* Debug */,
				1690F45F1FA5CD100044C8A4 /* Release */,
			);
			defaultConfigurationIsVisible = 0;
			defaultConfigurationName = Release;
		};
/* End XCConfigurationList section */
	};
	rootObject = 1690F4431FA5CD100044C8A4 /* Project object */;
}
